{
  "requires": true,
  "lockfileVersion": 1,
  "dependencies": {
    "filed": {
      "version": "0.1.0",
      "resolved": "https://registry.npmjs.org/filed/-/filed-0.1.0.tgz",
      "integrity": "sha1-sPYmRyojZtwRlFN6Tup+eonzxzU=",
      "requires": {
        "mime": ">= 1.2.6"
      }
    },
    "mime": {
      "version": "2.3.1",
      "resolved": "https://registry.npmjs.org/mime/-/mime-2.3.1.tgz",
      "integrity": "sha512-OEUllcVoydBHGN1z84yfQDimn58pZNNNXgZlHXSboxMlFvgI6MXSWpWKpFRra7H1HxpVhHTkrghfRW49k6yjeg=="
    },
    "serve-file-download": {
      "version": "0.0.1",
      "resolved": "https://registry.npmjs.org/serve-file-download/-/serve-file-download-0.0.1.tgz",
      "integrity": "sha1-opNvDUmqhz7R95BAd1YXXZiiFy8=",
      "requires": {
        "filed": "*"
      }
    }
  }
}
